
Microsoft Visual Studio Solution File, Format Version 12.00
# Visual Studio Version 17
VisualStudioVersion = 17.14.36310.24 d17.14
MinimumVisualStudioVersion = 10.0.40219.1
Project("{FAE04EC0-301F-11D3-BF4B-00C04F79EFBC}") = "UChat", "UChat\UChat.csproj", "{08C4C9DA-31BB-4C95-823B-734765EC03B4}"
EndProject
Global
	GlobalSection(SolutionConfigurationPlatforms) = preSolution
		Debug|Any CPU = Debug|Any CPU
		Release|Any CPU = Release|Any CPU
	EndGlobalSection
	GlobalSection(ProjectConfigurationPlatforms) = postSolution
		{08C4C9DA-31BB-4C95-823B-734765EC03B4}.Debug|Any CPU.ActiveCfg = Debug|Any CPU
		{08C4C9DA-31BB-4C95-823B-734765EC03B4}.Debug|Any CPU.Build.0 = Debug|Any CPU
		{08C4C9DA-31BB-4C95-823B-734765EC03B4}.Release|Any CPU.ActiveCfg = Release|Any CPU
		{08C4C9DA-31BB-4C95-823B-734765EC03B4}.Release|Any CPU.Build.0 = Release|Any CPU
	EndGlobalSection
	GlobalSection(SolutionProperties) = preSolution
		HideSolutionNode = FALSE
	EndGlobalSection
	GlobalSection(ExtensibilityGlobals) = postSolution
		SolutionGuid = {C3CD2075-D67C-494A-9311-7126419F4C0E}
	EndGlobalSection
EndGlobal
